
Microsoft Visual Studio Solution File, Format Version 12.00
# Visual Studio Version 16
VisualStudioVersion = 16.0.30907.101
MinimumVisualStudioVersion = 10.0.40219.1
Project("{FAE04EC0-301F-11D3-BF4B-00C04F79EFBC}") = "WindowsApplication1", "WindowsApplication1\WindowsApplication1.csproj", "{6E50A042-9C76-4A76-87FF-3829DE977194}"
EndProject
Global
	GlobalSection(SolutionConfigurationPlatforms) = preSolution
		Debug|Any CPU = Debug|Any CPU
		Release|Any CPU = Release|Any CPU
	EndGlobalSection
	GlobalSection(ProjectConfigurationPlatforms) = postSolution
		{6E50A042-9C76-4A76-87FF-3829DE977194}.Debug|Any CPU.ActiveCfg = Debug|Any CPU
		{6E50A042-9C76-4A76-87FF-3829DE977194}.Debug|Any CPU.Build.0 = Debug|Any CPU
		{6E50A042-9C76-4A76-87FF-3829DE977194}.Release|Any CPU.ActiveCfg = Release|Any CPU
		{6E50A042-9C76-4A76-87FF-3829DE977194}.Release|Any CPU.Build.0 = Release|Any CPU
	EndGlobalSection
	GlobalSection(SolutionProperties) = preSolution
		HideSolutionNode = FALSE
	EndGlobalSection
	GlobalSection(ExtensibilityGlobals) = postSolution
		SolutionGuid = {90373773-E951-4B14-9A90-D94E6F3B0AB3}
	EndGlobalSection
EndGlobal
