
Microsoft Visual Studio Solution File, Format Version 12.00
# Visual Studio Version 16
VisualStudioVersion = 16.0.30907.101
MinimumVisualStudioVersion = 10.0.40219.1
Project("{FAE04EC0-301F-11D3-BF4B-00C04F79EFBC}") = "Lab13", "Lab13\Lab13.csproj", "{4A91A3A7-E97A-416C-8148-1346C1FFB98C}"
EndProject
Global
	GlobalSection(SolutionConfigurationPlatforms) = preSolution
		Debug|Any CPU = Debug|Any CPU
		Release|Any CPU = Release|Any CPU
	EndGlobalSection
	GlobalSection(ProjectConfigurationPlatforms) = postSolution
		{4A91A3A7-E97A-416C-8148-1346C1FFB98C}.Debug|Any CPU.ActiveCfg = Debug|Any CPU
		{4A91A3A7-E97A-416C-8148-1346C1FFB98C}.Debug|Any CPU.Build.0 = Debug|Any CPU
		{4A91A3A7-E97A-416C-8148-1346C1FFB98C}.Release|Any CPU.ActiveCfg = Release|Any CPU
		{4A91A3A7-E97A-416C-8148-1346C1FFB98C}.Release|Any CPU.Build.0 = Release|Any CPU
	EndGlobalSection
	GlobalSection(SolutionProperties) = preSolution
		HideSolutionNode = FALSE
	EndGlobalSection
	GlobalSection(ExtensibilityGlobals) = postSolution
		SolutionGuid = {8C07F820-E26A-4D6A-A497-3930291151E4}
	EndGlobalSection
EndGlobal
