
Microsoft Visual Studio Solution File, Format Version 12.00
# Visual Studio Version 16
VisualStudioVersion = 16.0.30907.101
MinimumVisualStudioVersion = 10.0.40219.1
Project("{FAE04EC0-301F-11D3-BF4B-00C04F79EFBC}") = "Lab10", "Lab10\Lab10.csproj", "{6489BBB9-7B53-4190-86E2-06E0A9AE5547}"
EndProject
Global
	GlobalSection(SolutionConfigurationPlatforms) = preSolution
		Debug|Any CPU = Debug|Any CPU
		Release|Any CPU = Release|Any CPU
	EndGlobalSection
	GlobalSection(ProjectConfigurationPlatforms) = postSolution
		{6489BBB9-7B53-4190-86E2-06E0A9AE5547}.Debug|Any CPU.ActiveCfg = Debug|Any CPU
		{6489BBB9-7B53-4190-86E2-06E0A9AE5547}.Debug|Any CPU.Build.0 = Debug|Any CPU
		{6489BBB9-7B53-4190-86E2-06E0A9AE5547}.Release|Any CPU.ActiveCfg = Release|Any CPU
		{6489BBB9-7B53-4190-86E2-06E0A9AE5547}.Release|Any CPU.Build.0 = Release|Any CPU
	EndGlobalSection
	GlobalSection(SolutionProperties) = preSolution
		HideSolutionNode = FALSE
	EndGlobalSection
	GlobalSection(ExtensibilityGlobals) = postSolution
		SolutionGuid = {77AA2422-E4AC-4826-88B0-FCFFBB41052C}
	EndGlobalSection
EndGlobal
