
Microsoft Visual Studio Solution File, Format Version 12.00
# Visual Studio Version 16
VisualStudioVersion = 16.0.30907.101
MinimumVisualStudioVersion = 10.0.40219.1
Project("{FAE04EC0-301F-11D3-BF4B-00C04F79EFBC}") = "Lab11", "Lab11\Lab11.csproj", "{7FB39000-B009-42F2-8B49-6A16448B4D7E}"
EndProject
Global
	GlobalSection(SolutionConfigurationPlatforms) = preSolution
		Debug|Any CPU = Debug|Any CPU
		Release|Any CPU = Release|Any CPU
	EndGlobalSection
	GlobalSection(ProjectConfigurationPlatforms) = postSolution
		{7FB39000-B009-42F2-8B49-6A16448B4D7E}.Debug|Any CPU.ActiveCfg = Debug|Any CPU
		{7FB39000-B009-42F2-8B49-6A16448B4D7E}.Debug|Any CPU.Build.0 = Debug|Any CPU
		{7FB39000-B009-42F2-8B49-6A16448B4D7E}.Release|Any CPU.ActiveCfg = Release|Any CPU
		{7FB39000-B009-42F2-8B49-6A16448B4D7E}.Release|Any CPU.Build.0 = Release|Any CPU
	EndGlobalSection
	GlobalSection(SolutionProperties) = preSolution
		HideSolutionNode = FALSE
	EndGlobalSection
	GlobalSection(ExtensibilityGlobals) = postSolution
		SolutionGuid = {FCD1B835-D1A5-4638-9D93-611F5A19C090}
	EndGlobalSection
EndGlobal
