
Microsoft Visual Studio Solution File, Format Version 12.00
# Visual Studio Version 16
VisualStudioVersion = 16.0.30907.101
MinimumVisualStudioVersion = 10.0.40219.1
Project("{FAE04EC0-301F-11D3-BF4B-00C04F79EFBC}") = "Lab8.1", "Lab8.1\Lab8.1.csproj", "{87D2E46D-E84B-42E4-9B25-CD3F1299500D}"
EndProject
Global
	GlobalSection(SolutionConfigurationPlatforms) = preSolution
		Debug|Any CPU = Debug|Any CPU
		Release|Any CPU = Release|Any CPU
	EndGlobalSection
	GlobalSection(ProjectConfigurationPlatforms) = postSolution
		{87D2E46D-E84B-42E4-9B25-CD3F1299500D}.Debug|Any CPU.ActiveCfg = Debug|Any CPU
		{87D2E46D-E84B-42E4-9B25-CD3F1299500D}.Debug|Any CPU.Build.0 = Debug|Any CPU
		{87D2E46D-E84B-42E4-9B25-CD3F1299500D}.Release|Any CPU.ActiveCfg = Release|Any CPU
		{87D2E46D-E84B-42E4-9B25-CD3F1299500D}.Release|Any CPU.Build.0 = Release|Any CPU
	EndGlobalSection
	GlobalSection(SolutionProperties) = preSolution
		HideSolutionNode = FALSE
	EndGlobalSection
	GlobalSection(ExtensibilityGlobals) = postSolution
		SolutionGuid = {06BB0967-84EE-4407-9FDF-0DED9BD18CB4}
	EndGlobalSection
EndGlobal
